
Microsoft Visual Studio Solution File, Format Version 12.00
# Visual Studio 14
VisualStudioVersion = 14.0.25420.1
MinimumVisualStudioVersion = 10.0.40219.1
Project("{8BC9CEB8-8B4A-11D0-8D11-00A0C91BC942}") = "Task1_Server", "Task1_Server\Task1_Server.vcxproj", "{9AE330C6-41E7-4BDD-90DC-9AAF9C447B45}"
EndProject
Project("{8BC9CEB8-8B4A-11D0-8D11-00A0C91BC942}") = "Task1_Client", "Task1_Client\Task1_Client.vcxproj", "{DB18C22A-C468-48B8-96B3-6CD35FACF54A}"
EndProject
Global
	GlobalSection(SolutionConfigurationPlatforms) = preSolution
		Debug|x64 = Debug|x64
		Debug|x86 = Debug|x86
		Release|x64 = Release|x64
		Release|x86 = Release|x86
	EndGlobalSection
	GlobalSection(ProjectConfigurationPlatforms) = postSolution
		{9AE330C6-41E7-4BDD-90DC-9AAF9C447B45}.Debug|x64.ActiveCfg = Debug|x64
		{9AE330C6-41E7-4BDD-90DC-9AAF9C447B45}.Debug|x64.Build.0 = Debug|x64
		{9AE330C6-41E7-4BDD-90DC-9AAF9C447B45}.Debug|x86.ActiveCfg = Debug|Win32
		{9AE330C6-41E7-4BDD-90DC-9AAF9C447B45}.Debug|x86.Build.0 = Debug|Win32
		{9AE330C6-41E7-4BDD-90DC-9AAF9C447B45}.Release|x64.ActiveCfg = Release|x64
		{9AE330C6-41E7-4BDD-90DC-9AAF9C447B45}.Release|x64.Build.0 = Release|x64
		{9AE330C6-41E7-4BDD-90DC-9AAF9C447B45}.Release|x86.ActiveCfg = Release|Win32
		{9AE330C6-41E7-4BDD-90DC-9AAF9C447B45}.Release|x86.Build.0 = Release|Win32
		{DB18C22A-C468-48B8-96B3-6CD35FACF54A}.Debug|x64.ActiveCfg = Debug|x64
		{DB18C22A-C468-48B8-96B3-6CD35FACF54A}.Debug|x64.Build.0 = Debug|x64
		{DB18C22A-C468-48B8-96B3-6CD35FACF54A}.Debug|x86.ActiveCfg = Debug|Win32
		{DB18C22A-C468-48B8-96B3-6CD35FACF54A}.Debug|x86.Build.0 = Debug|Win32
		{DB18C22A-C468-48B8-96B3-6CD35FACF54A}.Release|x64.ActiveCfg = Release|x64
		{DB18C22A-C468-48B8-96B3-6CD35FACF54A}.Release|x64.Build.0 = Release|x64
		{DB18C22A-C468-48B8-96B3-6CD35FACF54A}.Release|x86.ActiveCfg = Release|Win32
		{DB18C22A-C468-48B8-96B3-6CD35FACF54A}.Release|x86.Build.0 = Release|Win32
	EndGlobalSection
	GlobalSection(SolutionProperties) = preSolution
		HideSolutionNode = FALSE
	EndGlobalSection
EndGlobal
